
Microsoft Visual Studio Solution File, Format Version 12.00
# Visual Studio Version 16
VisualStudioVersion = 16.0.30907.101
MinimumVisualStudioVersion = 10.0.40219.1
Project("{FAE04EC0-301F-11D3-BF4B-00C04F79EFBC}") = "Bank_interface", "Bank_interface\Bank_interface.csproj", "{917987CC-D485-4192-8BCA-257AC659FC91}"
EndProject
Global
	GlobalSection(SolutionConfigurationPlatforms) = preSolution
		Debug|Any CPU = Debug|Any CPU
		Release|Any CPU = Release|Any CPU
	EndGlobalSection
	GlobalSection(ProjectConfigurationPlatforms) = postSolution
		{917987CC-D485-4192-8BCA-257AC659FC91}.Debug|Any CPU.ActiveCfg = Debug|Any CPU
		{917987CC-D485-4192-8BCA-257AC659FC91}.Debug|Any CPU.Build.0 = Debug|Any CPU
		{917987CC-D485-4192-8BCA-257AC659FC91}.Release|Any CPU.ActiveCfg = Release|Any CPU
		{917987CC-D485-4192-8BCA-257AC659FC91}.Release|Any CPU.Build.0 = Release|Any CPU
	EndGlobalSection
	GlobalSection(SolutionProperties) = preSolution
		HideSolutionNode = FALSE
	EndGlobalSection
	GlobalSection(ExtensibilityGlobals) = postSolution
		SolutionGuid = {E72F1792-96F5-46B4-8DD1-9CA829890D43}
	EndGlobalSection
EndGlobal
